
Microsoft Visual Studio Solution File, Format Version 12.00
# Visual Studio Version 17
VisualStudioVersion = 17.4.33110.190
MinimumVisualStudioVersion = 10.0.40219.1
Project("{FAE04EC0-301F-11D3-BF4B-00C04F79EFBC}") = "db_projectt", "db_projectt\db_projectt.csproj", "{AB83C6D4-AB4C-42EA-BBDE-738FBCFD30B8}"
EndProject
Global
	GlobalSection(SolutionConfigurationPlatforms) = preSolution
		Debug|Any CPU = Debug|Any CPU
		Release|Any CPU = Release|Any CPU
	EndGlobalSection
	GlobalSection(ProjectConfigurationPlatforms) = postSolution
		{AB83C6D4-AB4C-42EA-BBDE-738FBCFD30B8}.Debug|Any CPU.ActiveCfg = Debug|Any CPU
		{AB83C6D4-AB4C-42EA-BBDE-738FBCFD30B8}.Debug|Any CPU.Build.0 = Debug|Any CPU
		{AB83C6D4-AB4C-42EA-BBDE-738FBCFD30B8}.Release|Any CPU.ActiveCfg = Release|Any CPU
		{AB83C6D4-AB4C-42EA-BBDE-738FBCFD30B8}.Release|Any CPU.Build.0 = Release|Any CPU
	EndGlobalSection
	GlobalSection(SolutionProperties) = preSolution
		HideSolutionNode = FALSE
	EndGlobalSection
	GlobalSection(ExtensibilityGlobals) = postSolution
		SolutionGuid = {39A269D7-36AA-4A3D-80F4-9AF752022A7C}
	EndGlobalSection
EndGlobal
